// !$*UTF8*$!
{
	archiveVersion = 1;
	classes = {
	};
	objectVersion = 56;
	objects = {

/* Begin PBXBuildFile section */
		22DEEE7C2A6C1370007952AC /* AppDelegate.swift in Sources */ = {isa = PBXBuildFile; fileRef = 22DEEE7B2A6C1370007952AC /* AppDelegate.swift */; };
		22DEEE7E2A6C1370007952AC /* SceneDelegate.swift in Sources */ = {isa = PBXBuildFile; fileRef = 22DEEE7D2A6C1370007952AC /* SceneDelegate.swift */; };
		22DEEE852A6C1371007952AC /* Assets.xcassets in Resources */ = {isa = PBXBuildFile; fileRef = 22DEEE842A6C1371007952AC /* Assets.xcassets */; };
		22DEEE882A6C1371007952AC /* LaunchScreen.storyboard in Resources */ = {isa = PBXBuildFile; fileRef = 22DEEE862A6C1371007952AC /* LaunchScreen.storyboard */; };
		22DEEE922A6C14E7007952AC /* ContactsViewController.swift in Sources */ = {isa = PBXBuildFile; fileRef = 22DEEE912A6C14E7007952AC /* ContactsViewController.swift */; };
		22DEEE942A6C1512007952AC /* ContactsViewController.storyboard in Resources */ = {isa = PBXBuildFile; fileRef = 22DEEE932A6C1512007952AC /* ContactsViewController.storyboard */; };
		22DEEE962A6C3963007952AC /* Person.swift in Sources */ = {isa = PBXBuildFile; fileRef = 22DEEE952A6C3963007952AC /* Person.swift */; };
		22F8DB132A6D1FDF006E1559 /* CollectionViewController.swift in Sources */ = {isa = PBXBuildFile; fileRef = 22F8DB122A6D1FDF006E1559 /* CollectionViewController.swift */; };
		22F8DB152A6D200B006E1559 /* CollectionViewController.storyboard in Resources */ = {isa = PBXBuildFile; fileRef = 22F8DB142A6D200B006E1559 /* CollectionViewController.storyboard */; };
		22F8DB172A6D26A0006E1559 /* ContactCollectionViewCell.swift in Sources */ = {isa = PBXBuildFile; fileRef = 22F8DB162A6D26A0006E1559 /* ContactCollectionViewCell.swift */; };
		22FB44392A6C956400F99B63 /* PickerViewController.swift in Sources */ = {isa = PBXBuildFile; fileRef = 22FB44382A6C956400F99B63 /* PickerViewController.swift */; };
		22FB443B2A6C95A800F99B63 /* PickerViewController.storyboard in Resources */ = {isa = PBXBuildFile; fileRef = 22FB443A2A6C95A800F99B63 /* PickerViewController.storyboard */; };
/* End PBXBuildFile section */

/* Begin PBXFileReference section */
		22DEEE782A6C1370007952AC /* ContactsApp.app */ = {isa = PBXFileReference; explicitFileType = wrapper.application; includeInIndex = 0; path = ContactsApp.app; sourceTree = BUILT_PRODUCTS_DIR; };
		22DEEE7B2A6C1370007952AC /* AppDelegate.swift */ = {isa = PBXFileReference; lastKnownFileType = sourcecode.swift; path = AppDelegate.swift; sourceTree = "<group>"; };
		22DEEE7D2A6C1370007952AC /* SceneDelegate.swift */ = {isa = PBXFileReference; lastKnownFileType = sourcecode.swift; path = SceneDelegate.swift; sourceTree = "<group>"; };
		22DEEE842A6C1371007952AC /* Assets.xcassets */ = {isa = PBXFileReference; lastKnownFileType = folder.assetcatalog; path = Assets.xcassets; sourceTree = "<group>"; };
		22DEEE872A6C1371007952AC /* Base */ = {isa = PBXFileReference; lastKnownFileType = file.storyboard; name = Base; path = Base.lproj/LaunchScreen.storyboard; sourceTree = "<group>"; };
		22DEEE892A6C1371007952AC /* Info.plist */ = {isa = PBXFileReference; lastKnownFileType = text.plist.xml; path = Info.plist; sourceTree = "<group>"; };
		22DEEE912A6C14E7007952AC /* ContactsViewController.swift */ = {isa = PBXFileReference; lastKnownFileType = sourcecode.swift; path = ContactsViewController.swift; sourceTree = "<group>"; };
		22DEEE932A6C1512007952AC /* ContactsViewController.storyboard */ = {isa = PBXFileReference; lastKnownFileType = file.storyboard; path = ContactsViewController.storyboard; sourceTree = "<group>"; };
		22DEEE952A6C3963007952AC /* Person.swift */ = {isa = PBXFileReference; lastKnownFileType = sourcecode.swift; path = Person.swift; sourceTree = "<group>"; };
		22F8DB122A6D1FDF006E1559 /* CollectionViewController.swift */ = {isa = PBXFileReference; lastKnownFileType = sourcecode.swift; path = CollectionViewController.swift; sourceTree = "<group>"; };
		22F8DB142A6D200B006E1559 /* CollectionViewController.storyboard */ = {isa = PBXFileReference; lastKnownFileType = file.storyboard; path = CollectionViewController.storyboard; sourceTree = "<group>"; };
		22F8DB162A6D26A0006E1559 /* ContactCollectionViewCell.swift */ = {isa = PBXFileReference; lastKnownFileType = sourcecode.swift; path = ContactCollectionViewCell.swift; sourceTree = "<group>"; };
		22FB44382A6C956400F99B63 /* PickerViewController.swift */ = {isa = PBXFileReference; lastKnownFileType = sourcecode.swift; path = PickerViewController.swift; sourceTree = "<group>"; };
		22FB443A2A6C95A800F99B63 /* PickerViewController.storyboard */ = {isa = PBXFileReference; lastKnownFileType = file.storyboard; path = PickerViewController.storyboard; sourceTree = "<group>"; };
/* End PBXFileReference section */

/* Begin PBXFrameworksBuildPhase section */
		22DEEE752A6C1370007952AC /* Frameworks */ = {
			isa = PBXFrameworksBuildPhase;
			buildActionMask = 2147483647;
			files = (
			);
			runOnlyForDeploymentPostprocessing = 0;
		};
/* End PBXFrameworksBuildPhase section */

/* Begin PBXGroup section */
		22DEEE6F2A6C1370007952AC = {
			isa = PBXGroup;
			children = (
				22DEEE7A2A6C1370007952AC /* ContactsApp */,
				22DEEE792A6C1370007952AC /* Products */,
			);
			sourceTree = "<group>";
		};
		22DEEE792A6C1370007952AC /* Products */ = {
			isa = PBXGroup;
			children = (
				22DEEE782A6C1370007952AC /* ContactsApp.app */,
			);
			name = Products;
			sourceTree = "<group>";
		};
		22DEEE7A2A6C1370007952AC /* ContactsApp */ = {
			isa = PBXGroup;
			children = (
				22DEEE8F2A6C13BA007952AC /* Contacts Page */,
				22DEEE902A6C140F007952AC /* Info Page */,
				22DEEE7D2A6C1370007952AC /* SceneDelegate.swift */,
				22DEEE7B2A6C1370007952AC /* AppDelegate.swift */,
				22DEEE952A6C3963007952AC /* Person.swift */,
				22DEEE842A6C1371007952AC /* Assets.xcassets */,
				22DEEE862A6C1371007952AC /* LaunchScreen.storyboard */,
				22DEEE892A6C1371007952AC /* Info.plist */,
			);
			path = ContactsApp;
			sourceTree = "<group>";
		};
		22DEEE8F2A6C13BA007952AC /* Contacts Page */ = {
			isa = PBXGroup;
			children = (
				22DEEE912A6C14E7007952AC /* ContactsViewController.swift */,
				22DEEE932A6C1512007952AC /* ContactsViewController.storyboard */,
				22FB44382A6C956400F99B63 /* PickerViewController.swift */,
				22FB443A2A6C95A800F99B63 /* PickerViewController.storyboard */,
			);
			path = "Contacts Page";
			sourceTree = "<group>";
		};
		22DEEE902A6C140F007952AC /* Info Page */ = {
			isa = PBXGroup;
			children = (
				22F8DB122A6D1FDF006E1559 /* CollectionViewController.swift */,
				22F8DB142A6D200B006E1559 /* CollectionViewController.storyboard */,
				22F8DB162A6D26A0006E1559 /* ContactCollectionViewCell.swift */,
			);
			path = "Info Page";
			sourceTree = "<group>";
		};
/* End PBXGroup section */

/* Begin PBXNativeTarget section */
		22DEEE772A6C1370007952AC /* ContactsApp */ = {
			isa = PBXNativeTarget;
			buildConfigurationList = 22DEEE8C2A6C1371007952AC /* Build configuration list for PBXNativeTarget "ContactsApp" */;
			buildPhases = (
				22DEEE742A6C1370007952AC /* Sources */,
				22DEEE752A6C1370007952AC /* Frameworks */,
				22DEEE762A6C1370007952AC /* Resources */,
			);
			buildRules = (
			);
			dependencies = (
			);
			name = ContactsApp;
			productName = ContactsApp;
			productReference = 22DEEE782A6C1370007952AC /* ContactsApp.app */;
			productType = "com.apple.product-type.application";
		};
/* End PBXNativeTarget section */

/* Begin PBXProject section */
		22DEEE702A6C1370007952AC /* Project object */ = {
			isa = PBXProject;
			attributes = {
				BuildIndependentTargetsInParallel = 1;
				LastSwiftUpdateCheck = 1430;
				LastUpgradeCheck = 1430;
				TargetAttributes = {
					22DEEE772A6C1370007952AC = {
						CreatedOnToolsVersion = 14.3.1;
					};
				};
			};
			buildConfigurationList = 22DEEE732A6C1370007952AC /* Build configuration list for PBXProject "ContactsApp" */;
			compatibilityVersion = "Xcode 14.0";
			developmentRegion = en;
			hasScannedForEncodings = 0;
			knownRegions = (
				en,
				Base,
			);
			mainGroup = 22DEEE6F2A6C1370007952AC;
			productRefGroup = 22DEEE792A6C1370007952AC /* Products */;
			projectDirPath = "";
			projectRoot = "";
			targets = (
				22DEEE772A6C1370007952AC /* ContactsApp */,
			);
		};
/* End PBXProject section */

/* Begin PBXResourcesBuildPhase section */
		22DEEE762A6C1370007952AC /* Resources */ = {
			isa = PBXResourcesBuildPhase;
			buildActionMask = 2147483647;
			files = (
				22F8DB152A6D200B006E1559 /* CollectionViewController.storyboard in Resources */,
				22DEEE882A6C1371007952AC /* LaunchScreen.storyboard in Resources */,
				22DEEE942A6C1512007952AC /* ContactsViewController.storyboard in Resources */,
				22DEEE852A6C1371007952AC /* Assets.xcassets in Resources */,
				22FB443B2A6C95A800F99B63 /* PickerViewController.storyboard in Resources */,
			);
			runOnlyForDeploymentPostprocessing = 0;
		};
/* End PBXResourcesBuildPhase section */

/* Begin PBXSourcesBuildPhase section */
		22DEEE742A6C1370007952AC /* Sources */ = {
			isa = PBXSourcesBuildPhase;
			buildActionMask = 2147483647;
			files = (
				22F8DB132A6D1FDF006E1559 /* CollectionViewController.swift in Sources */,
				22FB44392A6C956400F99B63 /* PickerViewController.swift in Sources */,
				22DEEE7C2A6C1370007952AC /* AppDelegate.swift in Sources */,
				22DEEE7E2A6C1370007952AC /* SceneDelegate.swift in Sources */,
				22DEEE962A6C3963007952AC /* Person.swift in Sources */,
				22F8DB172A6D26A0006E1559 /* ContactCollectionViewCell.swift in Sources */,
				22DEEE922A6C14E7007952AC /* ContactsViewController.swift in Sources */,
			);
			runOnlyForDeploymentPostprocessing = 0;
		};
/* End PBXSourcesBuildPhase section */

/* Begin PBXVariantGroup section */
		22DEEE862A6C1371007952AC /* LaunchScreen.storyboard */ = {
			isa = PBXVariantGroup;
			children = (
				22DEEE872A6C1371007952AC /* Base */,
			);
			name = LaunchScreen.storyboard;
			sourceTree = "<group>";
		};
/* End PBXVariantGroup section */

/* Begin XCBuildConfiguration section */
		22DEEE8A2A6C1371007952AC /* Debug */ = {
			isa = XCBuildConfiguration;
			buildSettings = {
				ALWAYS_SEARCH_USER_PATHS = NO;
				CLANG_ANALYZER_NONNULL = YES;
				CLANG_ANALYZER_NUMBER_OBJECT_CONVERSION = YES_AGGRESSIVE;
				CLANG_CXX_LANGUAGE_STANDARD = "gnu++20";
				CLANG_ENABLE_MODULES = YES;
				CLANG_ENABLE_OBJC_ARC = YES;
				CLANG_ENABLE_OBJC_WEAK = YES;
				CLANG_WARN_BLOCK_CAPTURE_AUTORELEASING = YES;
				CLANG_WARN_BOOL_CONVERSION = YES;
				CLANG_WARN_COMMA = YES;
				CLANG_WARN_CONSTANT_CONVERSION = YES;
				CLANG_WARN_DEPRECATED_OBJC_IMPLEMENTATIONS = YES;
				CLANG_WARN_DIRECT_OBJC_ISA_USAGE = YES_ERROR;
				CLANG_WARN_DOCUMENTATION_COMMENTS = YES;
				CLANG_WARN_EMPTY_BODY = YES;
				CLANG_WARN_ENUM_CONVERSION = YES;
				CLANG_WARN_INFINITE_RECURSION = YES;
				CLANG_WARN_INT_CONVERSION = YES;
				CLANG_WARN_NON_LITERAL_NULL_CONVERSION = YES;
				CLANG_WARN_OBJC_IMPLICIT_RETAIN_SELF = YES;
				CLANG_WARN_OBJC_LITERAL_CONVERSION = YES;
				CLANG_WARN_OBJC_ROOT_CLASS = YES_ERROR;
				CLANG_WARN_QUOTED_INCLUDE_IN_FRAMEWORK_HEADER = YES;
				CLANG_WARN_RANGE_LOOP_ANALYSIS = YES;
				CLANG_WARN_STRICT_PROTOTYPES = YES;
				CLANG_WARN_SUSPICIOUS_MOVE = YES;
				CLANG_WARN_UNGUARDED_AVAILABILITY = YES_AGGRESSIVE;
				CLANG_WARN_UNREACHABLE_CODE = YES;
				CLANG_WARN__DUPLICATE_METHOD_MATCH = YES;
				COPY_PHASE_STRIP = NO;
				DEBUG_INFORMATION_FORMAT = dwarf;
				ENABLE_STRICT_OBJC_MSGSEND = YES;
				ENABLE_TESTABILITY = YES;
				GCC_C_LANGUAGE_STANDARD = gnu11;
				GCC_DYNAMIC_NO_PIC = NO;
				GCC_NO_COMMON_BLOCKS = YES;
				GCC_OPTIMIZATION_LEVEL = 0;
				GCC_PREPROCESSOR_DEFINITIONS = (
					"DEBUG=1",
					"$(inherited)",
				);
				GCC_WARN_64_TO_32_BIT_CONVERSION = YES;
				GCC_WARN_ABOUT_RETURN_TYPE = YES_ERROR;
				GCC_WARN_UNDECLARED_SELECTOR = YES;
				GCC_WARN_UNINITIALIZED_AUTOS = YES_AGGRESSIVE;
				GCC_WARN_UNUSED_FUNCTION = YES;
				GCC_WARN_UNUSED_VARIABLE = YES;
				IPHONEOS_DEPLOYMENT_TARGET = 16.4;
				MTL_ENABLE_DEBUG_INFO = INCLUDE_SOURCE;
				MTL_FAST_MATH = YES;
				ONLY_ACTIVE_ARCH = YES;
				SDKROOT = iphoneos;
				SWIFT_ACTIVE_COMPILATION_CONDITIONS = DEBUG;
				SWIFT_OPTIMIZATION_LEVEL = "-Onone";
			};
			name = Debug;
		};
		22DEEE8B2A6C1371007952AC /* Release */ = {
			isa = XCBuildConfiguration;
			buildSettings = {
				ALWAYS_SEARCH_USER_PATHS = NO;
				CLANG_ANALYZER_NONNULL = YES;
				CLANG_ANALYZER_NUMBER_OBJECT_CONVERSION = YES_AGGRESSIVE;
				CLANG_CXX_LANGUAGE_STANDARD = "gnu++20";
				CLANG_ENABLE_MODULES = YES;
				CLANG_ENABLE_OBJC_ARC = YES;
				CLANG_ENABLE_OBJC_WEAK = YES;
				CLANG_WARN_BLOCK_CAPTURE_AUTORELEASING = YES;
				CLANG_WARN_BOOL_CONVERSION = YES;
				CLANG_WARN_COMMA = YES;
				CLANG_WARN_CONSTANT_CONVERSION = YES;
				CLANG_WARN_DEPRECATED_OBJC_IMPLEMENTATIONS = YES;
				CLANG_WARN_DIRECT_OBJC_ISA_USAGE = YES_ERROR;
				CLANG_WARN_DOCUMENTATION_COMMENTS = YES;
				CLANG_WARN_EMPTY_BODY = YES;
				CLANG_WARN_ENUM_CONVERSION = YES;
				CLANG_WARN_INFINITE_RECURSION = YES;
				CLANG_WARN_INT_CONVERSION = YES;
				CLANG_WARN_NON_LITERAL_NULL_CONVERSION = YES;
				CLANG_WARN_OBJC_IMPLICIT_RETAIN_SELF = YES;
				CLANG_WARN_OBJC_LITERAL_CONVERSION = YES;
				CLANG_WARN_OBJC_ROOT_CLASS = YES_ERROR;
				CLANG_WARN_QUOTED_INCLUDE_IN_FRAMEWORK_HEADER = YES;
				CLANG_WARN_RANGE_LOOP_ANALYSIS = YES;
				CLANG_WARN_STRICT_PROTOTYPES = YES;
				CLANG_WARN_SUSPICIOUS_MOVE = YES;
				CLANG_WARN_UNGUARDED_AVAILABILITY = YES_AGGRESSIVE;
				CLANG_WARN_UNREACHABLE_CODE = YES;
				CLANG_WARN__DUPLICATE_METHOD_MATCH = YES;
				COPY_PHASE_STRIP = NO;
				DEBUG_INFORMATION_FORMAT = "dwarf-with-dsym";
				ENABLE_NS_ASSERTIONS = NO;
				ENABLE_STRICT_OBJC_MSGSEND = YES;
				GCC_C_LANGUAGE_STANDARD = gnu11;
				GCC_NO_COMMON_BLOCKS = YES;
				GCC_WARN_64_TO_32_BIT_CONVERSION = YES;
				GCC_WARN_ABOUT_RETURN_TYPE = YES_ERROR;
				GCC_WARN_UNDECLARED_SELECTOR = YES;
				GCC_WARN_UNINITIALIZED_AUTOS = YES_AGGRESSIVE;
				GCC_WARN_UNUSED_FUNCTION = YES;
				GCC_WARN_UNUSED_VARIABLE = YES;
				IPHONEOS_DEPLOYMENT_TARGET = 16.4;
				MTL_ENABLE_DEBUG_INFO = NO;
				MTL_FAST_MATH = YES;
				SDKROOT = iphoneos;
				SWIFT_COMPILATION_MODE = wholemodule;
				SWIFT_OPTIMIZATION_LEVEL = "-O";
				VALIDATE_PRODUCT = YES;
			};
			name = Release;
		};
		22DEEE8D2A6C1371007952AC /* Debug */ = {
			isa = XCBuildConfiguration;
			buildSettings = {
				ASSETCATALOG_COMPILER_APPICON_NAME = AppIcon;
				ASSETCATALOG_COMPILER_GLOBAL_ACCENT_COLOR_NAME = AccentColor;
				CODE_SIGN_STYLE = Automatic;
				CURRENT_PROJECT_VERSION = 1;
				GENERATE_INFOPLIST_FILE = YES;
				INFOPLIST_FILE = ContactsApp/Info.plist;
				INFOPLIST_KEY_UIApplicationSupportsIndirectInputEvents = YES;
				INFOPLIST_KEY_UILaunchStoryboardName = LaunchScreen;
				INFOPLIST_KEY_UISupportedInterfaceOrientations_iPad = "UIInterfaceOrientationPortrait UIInterfaceOrientationPortraitUpsideDown UIInterfaceOrientationLandscapeLeft UIInterfaceOrientationLandscapeRight";
				INFOPLIST_KEY_UISupportedInterfaceOrientations_iPhone = "UIInterfaceOrientationPortrait UIInterfaceOrientationLandscapeLeft UIInterfaceOrientationLandscapeRight";
				LD_RUNPATH_SEARCH_PATHS = (
					"$(inherited)",
					"@executable_path/Frameworks",
				);
				MARKETING_VERSION = 1.0;
				PRODUCT_BUNDLE_IDENTIFIER = com.denizatas.ContactsApp;
				PRODUCT_NAME = "$(TARGET_NAME)";
				SWIFT_EMIT_LOC_STRINGS = YES;
				SWIFT_VERSION = 5.0;
				TARGETED_DEVICE_FAMILY = "1,2";
			};
			name = Debug;
		};
		22DEEE8E2A6C1371007952AC /* Release */ = {
			isa = XCBuildConfiguration;
			buildSettings = {
				ASSETCATALOG_COMPILER_APPICON_NAME = AppIcon;
				ASSETCATALOG_COMPILER_GLOBAL_ACCENT_COLOR_NAME = AccentColor;
				CODE_SIGN_STYLE = Automatic;
				CURRENT_PROJECT_VERSION = 1;
				GENERATE_INFOPLIST_FILE = YES;
				INFOPLIST_FILE = ContactsApp/Info.plist;
				INFOPLIST_KEY_UIApplicationSupportsIndirectInputEvents = YES;
				INFOPLIST_KEY_UILaunchStoryboardName = LaunchScreen;
				INFOPLIST_KEY_UISupportedInterfaceOrientations_iPad = "UIInterfaceOrientationPortrait UIInterfaceOrientationPortraitUpsideDown UIInterfaceOrientationLandscapeLeft UIInterfaceOrientationLandscapeRight";
				INFOPLIST_KEY_UISupportedInterfaceOrientations_iPhone = "UIInterfaceOrientationPortrait UIInterfaceOrientationLandscapeLeft UIInterfaceOrientationLandscapeRight";
				LD_RUNPATH_SEARCH_PATHS = (
					"$(inherited)",
					"@executable_path/Frameworks",
				);
				MARKETING_VERSION = 1.0;
				PRODUCT_BUNDLE_IDENTIFIER = com.denizatas.ContactsApp;
				PRODUCT_NAME = "$(TARGET_NAME)";
				SWIFT_EMIT_LOC_STRINGS = YES;
				SWIFT_VERSION = 5.0;
				TARGETED_DEVICE_FAMILY = "1,2";
			};
			name = Release;
		};
/* End XCBuildConfiguration section */

/* Begin XCConfigurationList section */
		22DEEE732A6C1370007952AC /* Build configuration list for PBXProject "ContactsApp" */ = {
			isa = XCConfigurationList;
			buildConfigurations = (
				22DEEE8A2A6C1371007952AC /* Debug */,
				22DEEE8B2A6C1371007952AC /* Release */,
			);
			defaultConfigurationIsVisible = 0;
			defaultConfigurationName = Release;
		};
		22DEEE8C2A6C1371007952AC /* Build configuration list for PBXNativeTarget "ContactsApp" */ = {
			isa = XCConfigurationList;
			buildConfigurations = (
				22DEEE8D2A6C1371007952AC /* Debug */,
				22DEEE8E2A6C1371007952AC /* Release */,
			);
			defaultConfigurationIsVisible = 0;
			defaultConfigurationName = Release;
		};
/* End XCConfigurationList section */
	};
	rootObject = 22DEEE702A6C1370007952AC /* Project object */;
}
