// !$*UTF8*$!
{
	archiveVersion = 1;
	classes = {
	};
	objectVersion = 56;
	objects = {

/* Begin PBXBuildFile section */
		2271AEED2A613862006FD360 /* AppDelegate.swift in Sources */ = {isa = PBXBuildFile; fileRef = 2271AEEC2A613862006FD360 /* AppDelegate.swift */; };
		2271AEEF2A613862006FD360 /* SceneDelegate.swift in Sources */ = {isa = PBXBuildFile; fileRef = 2271AEEE2A613862006FD360 /* SceneDelegate.swift */; };
		2271AEF62A613863006FD360 /* Assets.xcassets in Resources */ = {isa = PBXBuildFile; fileRef = 2271AEF52A613863006FD360 /* Assets.xcassets */; };
		2271AEF92A613863006FD360 /* LaunchScreen.storyboard in Resources */ = {isa = PBXBuildFile; fileRef = 2271AEF72A613863006FD360 /* LaunchScreen.storyboard */; };
		2271AF042A6139E5006FD360 /* MainViewController.storyboard in Resources */ = {isa = PBXBuildFile; fileRef = 2271AF032A6139E5006FD360 /* MainViewController.storyboard */; };
		2271AF062A613A09006FD360 /* MainViewController.swift in Sources */ = {isa = PBXBuildFile; fileRef = 2271AF052A613A09006FD360 /* MainViewController.swift */; };
		2271AF082A613AE2006FD360 /* WebViewController.swift in Sources */ = {isa = PBXBuildFile; fileRef = 2271AF072A613AE2006FD360 /* WebViewController.swift */; };
		2271AF0A2A613B0F006FD360 /* WebViewController.storyboard in Resources */ = {isa = PBXBuildFile; fileRef = 2271AF092A613B0F006FD360 /* WebViewController.storyboard */; };
		2271AF112A613DFF006FD360 /* AnimalView.xib in Resources */ = {isa = PBXBuildFile; fileRef = 2271AF102A613DFF006FD360 /* AnimalView.xib */; };
		2271AF132A613E5B006FD360 /* AnimalView.swift in Sources */ = {isa = PBXBuildFile; fileRef = 2271AF122A613E5B006FD360 /* AnimalView.swift */; };
		22A0E9902A61A141002F3617 /* Videos in Resources */ = {isa = PBXBuildFile; fileRef = 22A0E98F2A61A141002F3617 /* Videos */; };
/* End PBXBuildFile section */

/* Begin PBXFileReference section */
		2271AEE92A613862006FD360 /* AnimalInfos.app */ = {isa = PBXFileReference; explicitFileType = wrapper.application; includeInIndex = 0; path = AnimalInfos.app; sourceTree = BUILT_PRODUCTS_DIR; };
		2271AEEC2A613862006FD360 /* AppDelegate.swift */ = {isa = PBXFileReference; lastKnownFileType = sourcecode.swift; path = AppDelegate.swift; sourceTree = "<group>"; };
		2271AEEE2A613862006FD360 /* SceneDelegate.swift */ = {isa = PBXFileReference; lastKnownFileType = sourcecode.swift; path = SceneDelegate.swift; sourceTree = "<group>"; };
		2271AEF52A613863006FD360 /* Assets.xcassets */ = {isa = PBXFileReference; lastKnownFileType = folder.assetcatalog; path = Assets.xcassets; sourceTree = "<group>"; };
		2271AEF82A613863006FD360 /* Base */ = {isa = PBXFileReference; lastKnownFileType = file.storyboard; name = Base; path = Base.lproj/LaunchScreen.storyboard; sourceTree = "<group>"; };
		2271AEFA2A613863006FD360 /* Info.plist */ = {isa = PBXFileReference; lastKnownFileType = text.plist.xml; path = Info.plist; sourceTree = "<group>"; };
		2271AF032A6139E5006FD360 /* MainViewController.storyboard */ = {isa = PBXFileReference; lastKnownFileType = file.storyboard; path = MainViewController.storyboard; sourceTree = "<group>"; };
		2271AF052A613A09006FD360 /* MainViewController.swift */ = {isa = PBXFileReference; lastKnownFileType = sourcecode.swift; path = MainViewController.swift; sourceTree = "<group>"; };
		2271AF072A613AE2006FD360 /* WebViewController.swift */ = {isa = PBXFileReference; lastKnownFileType = sourcecode.swift; path = WebViewController.swift; sourceTree = "<group>"; };
		2271AF092A613B0F006FD360 /* WebViewController.storyboard */ = {isa = PBXFileReference; lastKnownFileType = file.storyboard; path = WebViewController.storyboard; sourceTree = "<group>"; };
		2271AF102A613DFF006FD360 /* AnimalView.xib */ = {isa = PBXFileReference; lastKnownFileType = file.xib; path = AnimalView.xib; sourceTree = "<group>"; };
		2271AF122A613E5B006FD360 /* AnimalView.swift */ = {isa = PBXFileReference; lastKnownFileType = sourcecode.swift; path = AnimalView.swift; sourceTree = "<group>"; };
		22A0E98F2A61A141002F3617 /* Videos */ = {isa = PBXFileReference; lastKnownFileType = folder; name = Videos; path = ../../../../../Desktop/Videos; sourceTree = "<group>"; };
/* End PBXFileReference section */

/* Begin PBXFrameworksBuildPhase section */
		2271AEE62A613862006FD360 /* Frameworks */ = {
			isa = PBXFrameworksBuildPhase;
			buildActionMask = 2147483647;
			files = (
			);
			runOnlyForDeploymentPostprocessing = 0;
		};
/* End PBXFrameworksBuildPhase section */

/* Begin PBXGroup section */
		2271AEE02A613862006FD360 = {
			isa = PBXGroup;
			children = (
				2271AEEB2A613862006FD360 /* AnimalInfos */,
				2271AEEA2A613862006FD360 /* Products */,
			);
			sourceTree = "<group>";
		};
		2271AEEA2A613862006FD360 /* Products */ = {
			isa = PBXGroup;
			children = (
				2271AEE92A613862006FD360 /* AnimalInfos.app */,
			);
			name = Products;
			sourceTree = "<group>";
		};
		2271AEEB2A613862006FD360 /* AnimalInfos */ = {
			isa = PBXGroup;
			children = (
				22A0E98F2A61A141002F3617 /* Videos */,
				2271AEEC2A613862006FD360 /* AppDelegate.swift */,
				2271AEEE2A613862006FD360 /* SceneDelegate.swift */,
				2271AF022A613971006FD360 /* Web Page */,
				2271AF002A61392E006FD360 /* Main Page */,
				2271AEF52A613863006FD360 /* Assets.xcassets */,
				2271AEF72A613863006FD360 /* LaunchScreen.storyboard */,
				2271AEFA2A613863006FD360 /* Info.plist */,
			);
			path = AnimalInfos;
			sourceTree = "<group>";
		};
		2271AF002A61392E006FD360 /* Main Page */ = {
			isa = PBXGroup;
			children = (
				2271AF0B2A613B3A006FD360 /* _components */,
				2271AF032A6139E5006FD360 /* MainViewController.storyboard */,
				2271AF052A613A09006FD360 /* MainViewController.swift */,
			);
			path = "Main Page";
			sourceTree = "<group>";
		};
		2271AF022A613971006FD360 /* Web Page */ = {
			isa = PBXGroup;
			children = (
				2271AF072A613AE2006FD360 /* WebViewController.swift */,
				2271AF092A613B0F006FD360 /* WebViewController.storyboard */,
			);
			path = "Web Page";
			sourceTree = "<group>";
		};
		2271AF0B2A613B3A006FD360 /* _components */ = {
			isa = PBXGroup;
			children = (
				2271AF102A613DFF006FD360 /* AnimalView.xib */,
				2271AF122A613E5B006FD360 /* AnimalView.swift */,
			);
			path = _components;
			sourceTree = "<group>";
		};
/* End PBXGroup section */

/* Begin PBXNativeTarget section */
		2271AEE82A613862006FD360 /* AnimalInfos */ = {
			isa = PBXNativeTarget;
			buildConfigurationList = 2271AEFD2A613863006FD360 /* Build configuration list for PBXNativeTarget "AnimalInfos" */;
			buildPhases = (
				2271AEE52A613862006FD360 /* Sources */,
				2271AEE62A613862006FD360 /* Frameworks */,
				2271AEE72A613862006FD360 /* Resources */,
			);
			buildRules = (
			);
			dependencies = (
			);
			name = AnimalInfos;
			productName = AnimalInfos;
			productReference = 2271AEE92A613862006FD360 /* AnimalInfos.app */;
			productType = "com.apple.product-type.application";
		};
/* End PBXNativeTarget section */

/* Begin PBXProject section */
		2271AEE12A613862006FD360 /* Project object */ = {
			isa = PBXProject;
			attributes = {
				BuildIndependentTargetsInParallel = 1;
				LastSwiftUpdateCheck = 1430;
				LastUpgradeCheck = 1430;
				TargetAttributes = {
					2271AEE82A613862006FD360 = {
						CreatedOnToolsVersion = 14.3.1;
					};
				};
			};
			buildConfigurationList = 2271AEE42A613862006FD360 /* Build configuration list for PBXProject "AnimalInfos" */;
			compatibilityVersion = "Xcode 14.0";
			developmentRegion = en;
			hasScannedForEncodings = 0;
			knownRegions = (
				en,
				Base,
			);
			mainGroup = 2271AEE02A613862006FD360;
			productRefGroup = 2271AEEA2A613862006FD360 /* Products */;
			projectDirPath = "";
			projectRoot = "";
			targets = (
				2271AEE82A613862006FD360 /* AnimalInfos */,
			);
		};
/* End PBXProject section */

/* Begin PBXResourcesBuildPhase section */
		2271AEE72A613862006FD360 /* Resources */ = {
			isa = PBXResourcesBuildPhase;
			buildActionMask = 2147483647;
			files = (
				22A0E9902A61A141002F3617 /* Videos in Resources */,
				2271AF0A2A613B0F006FD360 /* WebViewController.storyboard in Resources */,
				2271AEF92A613863006FD360 /* LaunchScreen.storyboard in Resources */,
				2271AF042A6139E5006FD360 /* MainViewController.storyboard in Resources */,
				2271AF112A613DFF006FD360 /* AnimalView.xib in Resources */,
				2271AEF62A613863006FD360 /* Assets.xcassets in Resources */,
			);
			runOnlyForDeploymentPostprocessing = 0;
		};
/* End PBXResourcesBuildPhase section */

/* Begin PBXSourcesBuildPhase section */
		2271AEE52A613862006FD360 /* Sources */ = {
			isa = PBXSourcesBuildPhase;
			buildActionMask = 2147483647;
			files = (
				2271AF132A613E5B006FD360 /* AnimalView.swift in Sources */,
				2271AF062A613A09006FD360 /* MainViewController.swift in Sources */,
				2271AEED2A613862006FD360 /* AppDelegate.swift in Sources */,
				2271AEEF2A613862006FD360 /* SceneDelegate.swift in Sources */,
				2271AF082A613AE2006FD360 /* WebViewController.swift in Sources */,
			);
			runOnlyForDeploymentPostprocessing = 0;
		};
/* End PBXSourcesBuildPhase section */

/* Begin PBXVariantGroup section */
		2271AEF72A613863006FD360 /* LaunchScreen.storyboard */ = {
			isa = PBXVariantGroup;
			children = (
				2271AEF82A613863006FD360 /* Base */,
			);
			name = LaunchScreen.storyboard;
			sourceTree = "<group>";
		};
/* End PBXVariantGroup section */

/* Begin XCBuildConfiguration section */
		2271AEFB2A613863006FD360 /* Debug */ = {
			isa = XCBuildConfiguration;
			buildSettings = {
				ALWAYS_SEARCH_USER_PATHS = NO;
				CLANG_ANALYZER_NONNULL = YES;
				CLANG_ANALYZER_NUMBER_OBJECT_CONVERSION = YES_AGGRESSIVE;
				CLANG_CXX_LANGUAGE_STANDARD = "gnu++20";
				CLANG_ENABLE_MODULES = YES;
				CLANG_ENABLE_OBJC_ARC = YES;
				CLANG_ENABLE_OBJC_WEAK = YES;
				CLANG_WARN_BLOCK_CAPTURE_AUTORELEASING = YES;
				CLANG_WARN_BOOL_CONVERSION = YES;
				CLANG_WARN_COMMA = YES;
				CLANG_WARN_CONSTANT_CONVERSION = YES;
				CLANG_WARN_DEPRECATED_OBJC_IMPLEMENTATIONS = YES;
				CLANG_WARN_DIRECT_OBJC_ISA_USAGE = YES_ERROR;
				CLANG_WARN_DOCUMENTATION_COMMENTS = YES;
				CLANG_WARN_EMPTY_BODY = YES;
				CLANG_WARN_ENUM_CONVERSION = YES;
				CLANG_WARN_INFINITE_RECURSION = YES;
				CLANG_WARN_INT_CONVERSION = YES;
				CLANG_WARN_NON_LITERAL_NULL_CONVERSION = YES;
				CLANG_WARN_OBJC_IMPLICIT_RETAIN_SELF = YES;
				CLANG_WARN_OBJC_LITERAL_CONVERSION = YES;
				CLANG_WARN_OBJC_ROOT_CLASS = YES_ERROR;
				CLANG_WARN_QUOTED_INCLUDE_IN_FRAMEWORK_HEADER = YES;
				CLANG_WARN_RANGE_LOOP_ANALYSIS = YES;
				CLANG_WARN_STRICT_PROTOTYPES = YES;
				CLANG_WARN_SUSPICIOUS_MOVE = YES;
				CLANG_WARN_UNGUARDED_AVAILABILITY = YES_AGGRESSIVE;
				CLANG_WARN_UNREACHABLE_CODE = YES;
				CLANG_WARN__DUPLICATE_METHOD_MATCH = YES;
				COPY_PHASE_STRIP = NO;
				DEBUG_INFORMATION_FORMAT = dwarf;
				ENABLE_STRICT_OBJC_MSGSEND = YES;
				ENABLE_TESTABILITY = YES;
				GCC_C_LANGUAGE_STANDARD = gnu11;
				GCC_DYNAMIC_NO_PIC = NO;
				GCC_NO_COMMON_BLOCKS = YES;
				GCC_OPTIMIZATION_LEVEL = 0;
				GCC_PREPROCESSOR_DEFINITIONS = (
					"DEBUG=1",
					"$(inherited)",
				);
				GCC_WARN_64_TO_32_BIT_CONVERSION = YES;
				GCC_WARN_ABOUT_RETURN_TYPE = YES_ERROR;
				GCC_WARN_UNDECLARED_SELECTOR = YES;
				GCC_WARN_UNINITIALIZED_AUTOS = YES_AGGRESSIVE;
				GCC_WARN_UNUSED_FUNCTION = YES;
				GCC_WARN_UNUSED_VARIABLE = YES;
				IPHONEOS_DEPLOYMENT_TARGET = 16.4;
				MTL_ENABLE_DEBUG_INFO = INCLUDE_SOURCE;
				MTL_FAST_MATH = YES;
				ONLY_ACTIVE_ARCH = YES;
				SDKROOT = iphoneos;
				SWIFT_ACTIVE_COMPILATION_CONDITIONS = DEBUG;
				SWIFT_OPTIMIZATION_LEVEL = "-Onone";
			};
			name = Debug;
		};
		2271AEFC2A613863006FD360 /* Release */ = {
			isa = XCBuildConfiguration;
			buildSettings = {
				ALWAYS_SEARCH_USER_PATHS = NO;
				CLANG_ANALYZER_NONNULL = YES;
				CLANG_ANALYZER_NUMBER_OBJECT_CONVERSION = YES_AGGRESSIVE;
				CLANG_CXX_LANGUAGE_STANDARD = "gnu++20";
				CLANG_ENABLE_MODULES = YES;
				CLANG_ENABLE_OBJC_ARC = YES;
				CLANG_ENABLE_OBJC_WEAK = YES;
				CLANG_WARN_BLOCK_CAPTURE_AUTORELEASING = YES;
				CLANG_WARN_BOOL_CONVERSION = YES;
				CLANG_WARN_COMMA = YES;
				CLANG_WARN_CONSTANT_CONVERSION = YES;
				CLANG_WARN_DEPRECATED_OBJC_IMPLEMENTATIONS = YES;
				CLANG_WARN_DIRECT_OBJC_ISA_USAGE = YES_ERROR;
				CLANG_WARN_DOCUMENTATION_COMMENTS = YES;
				CLANG_WARN_EMPTY_BODY = YES;
				CLANG_WARN_ENUM_CONVERSION = YES;
				CLANG_WARN_INFINITE_RECURSION = YES;
				CLANG_WARN_INT_CONVERSION = YES;
				CLANG_WARN_NON_LITERAL_NULL_CONVERSION = YES;
				CLANG_WARN_OBJC_IMPLICIT_RETAIN_SELF = YES;
				CLANG_WARN_OBJC_LITERAL_CONVERSION = YES;
				CLANG_WARN_OBJC_ROOT_CLASS = YES_ERROR;
				CLANG_WARN_QUOTED_INCLUDE_IN_FRAMEWORK_HEADER = YES;
				CLANG_WARN_RANGE_LOOP_ANALYSIS = YES;
				CLANG_WARN_STRICT_PROTOTYPES = YES;
				CLANG_WARN_SUSPICIOUS_MOVE = YES;
				CLANG_WARN_UNGUARDED_AVAILABILITY = YES_AGGRESSIVE;
				CLANG_WARN_UNREACHABLE_CODE = YES;
				CLANG_WARN__DUPLICATE_METHOD_MATCH = YES;
				COPY_PHASE_STRIP = NO;
				DEBUG_INFORMATION_FORMAT = "dwarf-with-dsym";
				ENABLE_NS_ASSERTIONS = NO;
				ENABLE_STRICT_OBJC_MSGSEND = YES;
				GCC_C_LANGUAGE_STANDARD = gnu11;
				GCC_NO_COMMON_BLOCKS = YES;
				GCC_WARN_64_TO_32_BIT_CONVERSION = YES;
				GCC_WARN_ABOUT_RETURN_TYPE = YES_ERROR;
				GCC_WARN_UNDECLARED_SELECTOR = YES;
				GCC_WARN_UNINITIALIZED_AUTOS = YES_AGGRESSIVE;
				GCC_WARN_UNUSED_FUNCTION = YES;
				GCC_WARN_UNUSED_VARIABLE = YES;
				IPHONEOS_DEPLOYMENT_TARGET = 16.4;
				MTL_ENABLE_DEBUG_INFO = NO;
				MTL_FAST_MATH = YES;
				SDKROOT = iphoneos;
				SWIFT_COMPILATION_MODE = wholemodule;
				SWIFT_OPTIMIZATION_LEVEL = "-O";
				VALIDATE_PRODUCT = YES;
			};
			name = Release;
		};
		2271AEFE2A613863006FD360 /* Debug */ = {
			isa = XCBuildConfiguration;
			buildSettings = {
				ASSETCATALOG_COMPILER_APPICON_NAME = AppIcon;
				ASSETCATALOG_COMPILER_GLOBAL_ACCENT_COLOR_NAME = AccentColor;
				CODE_SIGN_STYLE = Automatic;
				CURRENT_PROJECT_VERSION = 1;
				GENERATE_INFOPLIST_FILE = YES;
				INFOPLIST_FILE = AnimalInfos/Info.plist;
				INFOPLIST_KEY_UIApplicationSupportsIndirectInputEvents = YES;
				INFOPLIST_KEY_UILaunchStoryboardName = LaunchScreen;
				INFOPLIST_KEY_UISupportedInterfaceOrientations_iPad = "UIInterfaceOrientationPortrait UIInterfaceOrientationPortraitUpsideDown UIInterfaceOrientationLandscapeLeft UIInterfaceOrientationLandscapeRight";
				INFOPLIST_KEY_UISupportedInterfaceOrientations_iPhone = "UIInterfaceOrientationPortrait UIInterfaceOrientationLandscapeLeft UIInterfaceOrientationLandscapeRight";
				LD_RUNPATH_SEARCH_PATHS = (
					"$(inherited)",
					"@executable_path/Frameworks",
				);
				MARKETING_VERSION = 1.0;
				PRODUCT_BUNDLE_IDENTIFIER = com.denizatas.AnimalInfos;
				PRODUCT_NAME = "$(TARGET_NAME)";
				SWIFT_EMIT_LOC_STRINGS = YES;
				SWIFT_VERSION = 5.0;
				TARGETED_DEVICE_FAMILY = "1,2";
			};
			name = Debug;
		};
		2271AEFF2A613863006FD360 /* Release */ = {
			isa = XCBuildConfiguration;
			buildSettings = {
				ASSETCATALOG_COMPILER_APPICON_NAME = AppIcon;
				ASSETCATALOG_COMPILER_GLOBAL_ACCENT_COLOR_NAME = AccentColor;
				CODE_SIGN_STYLE = Automatic;
				CURRENT_PROJECT_VERSION = 1;
				GENERATE_INFOPLIST_FILE = YES;
				INFOPLIST_FILE = AnimalInfos/Info.plist;
				INFOPLIST_KEY_UIApplicationSupportsIndirectInputEvents = YES;
				INFOPLIST_KEY_UILaunchStoryboardName = LaunchScreen;
				INFOPLIST_KEY_UISupportedInterfaceOrientations_iPad = "UIInterfaceOrientationPortrait UIInterfaceOrientationPortraitUpsideDown UIInterfaceOrientationLandscapeLeft UIInterfaceOrientationLandscapeRight";
				INFOPLIST_KEY_UISupportedInterfaceOrientations_iPhone = "UIInterfaceOrientationPortrait UIInterfaceOrientationLandscapeLeft UIInterfaceOrientationLandscapeRight";
				LD_RUNPATH_SEARCH_PATHS = (
					"$(inherited)",
					"@executable_path/Frameworks",
				);
				MARKETING_VERSION = 1.0;
				PRODUCT_BUNDLE_IDENTIFIER = com.denizatas.AnimalInfos;
				PRODUCT_NAME = "$(TARGET_NAME)";
				SWIFT_EMIT_LOC_STRINGS = YES;
				SWIFT_VERSION = 5.0;
				TARGETED_DEVICE_FAMILY = "1,2";
			};
			name = Release;
		};
/* End XCBuildConfiguration section */

/* Begin XCConfigurationList section */
		2271AEE42A613862006FD360 /* Build configuration list for PBXProject "AnimalInfos" */ = {
			isa = XCConfigurationList;
			buildConfigurations = (
				2271AEFB2A613863006FD360 /* Debug */,
				2271AEFC2A613863006FD360 /* Release */,
			);
			defaultConfigurationIsVisible = 0;
			defaultConfigurationName = Release;
		};
		2271AEFD2A613863006FD360 /* Build configuration list for PBXNativeTarget "AnimalInfos" */ = {
			isa = XCConfigurationList;
			buildConfigurations = (
				2271AEFE2A613863006FD360 /* Debug */,
				2271AEFF2A613863006FD360 /* Release */,
			);
			defaultConfigurationIsVisible = 0;
			defaultConfigurationName = Release;
		};
/* End XCConfigurationList section */
	};
	rootObject = 2271AEE12A613862006FD360 /* Project object */;
}
